
Microsoft Visual Studio Solution File, Format Version 12.00
# Visual Studio Version 16
VisualStudioVersion = 16.0.810.11
MinimumVisualStudioVersion = 10.0.40219.1
Project("{FAE04EC0-301F-11D3-BF4B-00C04F79EFBC}") = "SeeSharpBoi", "SeeSharpBoi.csproj", "{0BB6A346-BFCE-4175-8DD5-55DCC4D936BC}"
EndProject
Global
	GlobalSection(SolutionConfigurationPlatforms) = preSolution
		Debug|Any CPU = Debug|Any CPU
		Release|Any CPU = Release|Any CPU
	EndGlobalSection
	GlobalSection(ProjectConfigurationPlatforms) = postSolution
		{0BB6A346-BFCE-4175-8DD5-55DCC4D936BC}.Debug|Any CPU.ActiveCfg = Debug|Any CPU
		{0BB6A346-BFCE-4175-8DD5-55DCC4D936BC}.Debug|Any CPU.Build.0 = Debug|Any CPU
		{0BB6A346-BFCE-4175-8DD5-55DCC4D936BC}.Release|Any CPU.ActiveCfg = Release|Any CPU
		{0BB6A346-BFCE-4175-8DD5-55DCC4D936BC}.Release|Any CPU.Build.0 = Release|Any CPU
	EndGlobalSection
	GlobalSection(SolutionProperties) = preSolution
		HideSolutionNode = FALSE
	EndGlobalSection
	GlobalSection(ExtensibilityGlobals) = postSolution
		SolutionGuid = {1497D531-A859-4BA9-9C0A-340CEE33A842}
	EndGlobalSection
EndGlobal
